// !$*UTF8*$!
{
	archiveVersion = 1;
	classes = {
	};
	objectVersion = 56;
	objects = {

/* Begin PBXBuildFile section */
		0136EE6E2970B1F100388CA0 /* AuthResponseData.swift in Sources */ = {isa = PBXBuildFile; fileRef = 0136EE6D2970B1F100388CA0 /* AuthResponseData.swift */; };
		0136EE702970D6D400388CA0 /* LoginVC.swift in Sources */ = {isa = PBXBuildFile; fileRef = 0136EE6F2970D6D400388CA0 /* LoginVC.swift */; };
		0136EE722970F1E500388CA0 /* APIRequestManager.swift in Sources */ = {isa = PBXBuildFile; fileRef = 0136EE712970F1E500388CA0 /* APIRequestManager.swift */; };
		0136EE742970F38700388CA0 /* UserProfileData.swift in Sources */ = {isa = PBXBuildFile; fileRef = 0136EE732970F38700388CA0 /* UserProfileData.swift */; };
		0136EE7629710AFC00388CA0 /* TrackData.swift in Sources */ = {isa = PBXBuildFile; fileRef = 0136EE7529710AFC00388CA0 /* TrackData.swift */; };
		0136EE782972FD9500388CA0 /* SearchVC.swift in Sources */ = {isa = PBXBuildFile; fileRef = 0136EE772972FD9500388CA0 /* SearchVC.swift */; };
		0136EE7B2973817800388CA0 /* SearchResultsVC.swift in Sources */ = {isa = PBXBuildFile; fileRef = 0136EE7A2973817800388CA0 /* SearchResultsVC.swift */; };
		019B9EE1296F4CDF00E7577B /* AuthManager.swift in Sources */ = {isa = PBXBuildFile; fileRef = 019B9EE0296F4CDF00E7577B /* AuthManager.swift */; };
		019B9EE3296F57CE00E7577B /* AuthVC.swift in Sources */ = {isa = PBXBuildFile; fileRef = 019B9EE2296F57CE00E7577B /* AuthVC.swift */; };
		019D2B782973CF5A00770F27 /* SearchTableViewCell.swift in Sources */ = {isa = PBXBuildFile; fileRef = 019D2B772973CF5A00770F27 /* SearchTableViewCell.swift */; };
		019D2B7B2973E76700770F27 /* ArtistData.swift in Sources */ = {isa = PBXBuildFile; fileRef = 019D2B7A2973E76700770F27 /* ArtistData.swift */; };
		019D2B7D2973E77E00770F27 /* AlbumData.swift in Sources */ = {isa = PBXBuildFile; fileRef = 019D2B7C2973E77E00770F27 /* AlbumData.swift */; };
		01B219C029771397005150CB /* ImageCache.swift in Sources */ = {isa = PBXBuildFile; fileRef = 01B219BF29771397005150CB /* ImageCache.swift */; };
		01B9E9F82973927E00413CC1 /* SearchData.swift in Sources */ = {isa = PBXBuildFile; fileRef = 01B9E9F72973927E00413CC1 /* SearchData.swift */; };
		5883E66A296C2736009BFA44 /* AppDelegate.swift in Sources */ = {isa = PBXBuildFile; fileRef = 5883E669296C2736009BFA44 /* AppDelegate.swift */; };
		5883E66C296C2736009BFA44 /* SceneDelegate.swift in Sources */ = {isa = PBXBuildFile; fileRef = 5883E66B296C2736009BFA44 /* SceneDelegate.swift */; };
		5883E66E296C2736009BFA44 /* TabBarVC.swift in Sources */ = {isa = PBXBuildFile; fileRef = 5883E66D296C2736009BFA44 /* TabBarVC.swift */; };
		5883E674296C2736009BFA44 /* MusicApp.xcdatamodeld in Sources */ = {isa = PBXBuildFile; fileRef = 5883E672296C2736009BFA44 /* MusicApp.xcdatamodeld */; };
		5883E676296C2737009BFA44 /* Assets.xcassets in Resources */ = {isa = PBXBuildFile; fileRef = 5883E675296C2737009BFA44 /* Assets.xcassets */; };
		5883E679296C2737009BFA44 /* LaunchScreen.storyboard in Resources */ = {isa = PBXBuildFile; fileRef = 5883E677296C2737009BFA44 /* LaunchScreen.storyboard */; };
		5883E689296C2F8F009BFA44 /* Constants.swift in Sources */ = {isa = PBXBuildFile; fileRef = 5883E688296C2F8F009BFA44 /* Constants.swift */; };
		5883E6A6296C3045009BFA44 /* Poppins-SemiBold.ttf in Resources */ = {isa = PBXBuildFile; fileRef = 5883E694296C3045009BFA44 /* Poppins-SemiBold.ttf */; };
		5883E6A7296C3045009BFA44 /* Poppins-Regular.ttf in Resources */ = {isa = PBXBuildFile; fileRef = 5883E695296C3045009BFA44 /* Poppins-Regular.ttf */; };
		5883E6B9296C310F009BFA44 /* Inter-Regular.ttf in Resources */ = {isa = PBXBuildFile; fileRef = 5883E6B0296C310E009BFA44 /* Inter-Regular.ttf */; };
		5883E6BC296C310F009BFA44 /* Inter-Medium.ttf in Resources */ = {isa = PBXBuildFile; fileRef = 5883E6B3296C310E009BFA44 /* Inter-Medium.ttf */; };
		5883E6BD296C310F009BFA44 /* Inter-SemiBold.ttf in Resources */ = {isa = PBXBuildFile; fileRef = 5883E6B4296C310E009BFA44 /* Inter-SemiBold.ttf */; };
		5883E6BE296C310F009BFA44 /* Inter-ExtraBold.ttf in Resources */ = {isa = PBXBuildFile; fileRef = 5883E6B5296C310F009BFA44 /* Inter-ExtraBold.ttf */; };
		5883E6C2296C31A9009BFA44 /* Roboto-Regular.ttf in Resources */ = {isa = PBXBuildFile; fileRef = 5883E6C1296C31A8009BFA44 /* Roboto-Regular.ttf */; };
		5883E6CE296C4F8A009BFA44 /* HomeVC.swift in Sources */ = {isa = PBXBuildFile; fileRef = 5883E6CD296C4F8A009BFA44 /* HomeVC.swift */; };
		5883E6D0296C4FA0009BFA44 /* FavoriteVC.swift in Sources */ = {isa = PBXBuildFile; fileRef = 5883E6CF296C4FA0009BFA44 /* FavoriteVC.swift */; };
		5883E6D2296C4FB0009BFA44 /* PlayVC.swift in Sources */ = {isa = PBXBuildFile; fileRef = 5883E6D1296C4FB0009BFA44 /* PlayVC.swift */; };
		5883E6D6296C4FD4009BFA44 /* ProfileVC.swift in Sources */ = {isa = PBXBuildFile; fileRef = 5883E6D5296C4FD4009BFA44 /* ProfileVC.swift */; };
		868539B4296F0EE4007A1871 /* TutorialFirstScreenVC.swift in Sources */ = {isa = PBXBuildFile; fileRef = 868539B3296F0EE4007A1871 /* TutorialFirstScreenVC.swift */; };
		868539B629703968007A1871 /* TutorialLastScreenVC.swift in Sources */ = {isa = PBXBuildFile; fileRef = 868539B529703968007A1871 /* TutorialLastScreenVC.swift */; };
/* End PBXBuildFile section */

/* Begin PBXFileReference section */
		0136EE6D2970B1F100388CA0 /* AuthResponseData.swift */ = {isa = PBXFileReference; lastKnownFileType = sourcecode.swift; path = AuthResponseData.swift; sourceTree = "<group>"; };
		0136EE6F2970D6D400388CA0 /* LoginVC.swift */ = {isa = PBXFileReference; lastKnownFileType = sourcecode.swift; path = LoginVC.swift; sourceTree = "<group>"; };
		0136EE712970F1E500388CA0 /* APIRequestManager.swift */ = {isa = PBXFileReference; lastKnownFileType = sourcecode.swift; path = APIRequestManager.swift; sourceTree = "<group>"; };
		0136EE732970F38700388CA0 /* UserProfileData.swift */ = {isa = PBXFileReference; lastKnownFileType = sourcecode.swift; path = UserProfileData.swift; sourceTree = "<group>"; };
		0136EE7529710AFC00388CA0 /* TrackData.swift */ = {isa = PBXFileReference; lastKnownFileType = sourcecode.swift; path = TrackData.swift; sourceTree = "<group>"; };
		0136EE772972FD9500388CA0 /* SearchVC.swift */ = {isa = PBXFileReference; lastKnownFileType = sourcecode.swift; path = SearchVC.swift; sourceTree = "<group>"; };
		0136EE7A2973817800388CA0 /* SearchResultsVC.swift */ = {isa = PBXFileReference; lastKnownFileType = sourcecode.swift; path = SearchResultsVC.swift; sourceTree = "<group>"; };
		019B9EE0296F4CDF00E7577B /* AuthManager.swift */ = {isa = PBXFileReference; lastKnownFileType = sourcecode.swift; path = AuthManager.swift; sourceTree = "<group>"; };
		019B9EE2296F57CE00E7577B /* AuthVC.swift */ = {isa = PBXFileReference; lastKnownFileType = sourcecode.swift; path = AuthVC.swift; sourceTree = "<group>"; };
		019D2B772973CF5A00770F27 /* SearchTableViewCell.swift */ = {isa = PBXFileReference; lastKnownFileType = sourcecode.swift; path = SearchTableViewCell.swift; sourceTree = "<group>"; };
		019D2B7A2973E76700770F27 /* ArtistData.swift */ = {isa = PBXFileReference; lastKnownFileType = sourcecode.swift; path = ArtistData.swift; sourceTree = "<group>"; };
		019D2B7C2973E77E00770F27 /* AlbumData.swift */ = {isa = PBXFileReference; lastKnownFileType = sourcecode.swift; path = AlbumData.swift; sourceTree = "<group>"; };
		01B219BF29771397005150CB /* ImageCache.swift */ = {isa = PBXFileReference; lastKnownFileType = sourcecode.swift; path = ImageCache.swift; sourceTree = "<group>"; };
		01B9E9F72973927E00413CC1 /* SearchData.swift */ = {isa = PBXFileReference; lastKnownFileType = sourcecode.swift; path = SearchData.swift; sourceTree = "<group>"; };
		5883E666296C2736009BFA44 /* MusicApp.app */ = {isa = PBXFileReference; explicitFileType = wrapper.application; includeInIndex = 0; path = MusicApp.app; sourceTree = BUILT_PRODUCTS_DIR; };
		5883E669296C2736009BFA44 /* AppDelegate.swift */ = {isa = PBXFileReference; lastKnownFileType = sourcecode.swift; path = AppDelegate.swift; sourceTree = "<group>"; };
		5883E66B296C2736009BFA44 /* SceneDelegate.swift */ = {isa = PBXFileReference; lastKnownFileType = sourcecode.swift; path = SceneDelegate.swift; sourceTree = "<group>"; };
		5883E66D296C2736009BFA44 /* TabBarVC.swift */ = {isa = PBXFileReference; lastKnownFileType = sourcecode.swift; path = TabBarVC.swift; sourceTree = "<group>"; };
		5883E673296C2736009BFA44 /* MusicApp.xcdatamodel */ = {isa = PBXFileReference; lastKnownFileType = wrapper.xcdatamodel; path = MusicApp.xcdatamodel; sourceTree = "<group>"; };
		5883E675296C2737009BFA44 /* Assets.xcassets */ = {isa = PBXFileReference; lastKnownFileType = folder.assetcatalog; path = Assets.xcassets; sourceTree = "<group>"; };
		5883E678296C2737009BFA44 /* Base */ = {isa = PBXFileReference; lastKnownFileType = file.storyboard; name = Base; path = Base.lproj/LaunchScreen.storyboard; sourceTree = "<group>"; };
		5883E67A296C2737009BFA44 /* Info.plist */ = {isa = PBXFileReference; lastKnownFileType = text.plist.xml; path = Info.plist; sourceTree = "<group>"; };
		5883E688296C2F8F009BFA44 /* Constants.swift */ = {isa = PBXFileReference; lastKnownFileType = sourcecode.swift; path = Constants.swift; sourceTree = "<group>"; };
		5883E694296C3045009BFA44 /* Poppins-SemiBold.ttf */ = {isa = PBXFileReference; lastKnownFileType = file; path = "Poppins-SemiBold.ttf"; sourceTree = "<group>"; };
		5883E695296C3045009BFA44 /* Poppins-Regular.ttf */ = {isa = PBXFileReference; lastKnownFileType = file; path = "Poppins-Regular.ttf"; sourceTree = "<group>"; };
		5883E6B0296C310E009BFA44 /* Inter-Regular.ttf */ = {isa = PBXFileReference; lastKnownFileType = file; path = "Inter-Regular.ttf"; sourceTree = "<group>"; };
		5883E6B3296C310E009BFA44 /* Inter-Medium.ttf */ = {isa = PBXFileReference; lastKnownFileType = file; path = "Inter-Medium.ttf"; sourceTree = "<group>"; };
		5883E6B4296C310E009BFA44 /* Inter-SemiBold.ttf */ = {isa = PBXFileReference; lastKnownFileType = file; path = "Inter-SemiBold.ttf"; sourceTree = "<group>"; };
		5883E6B5296C310F009BFA44 /* Inter-ExtraBold.ttf */ = {isa = PBXFileReference; lastKnownFileType = file; path = "Inter-ExtraBold.ttf"; sourceTree = "<group>"; };
		5883E6C1296C31A8009BFA44 /* Roboto-Regular.ttf */ = {isa = PBXFileReference; lastKnownFileType = file; path = "Roboto-Regular.ttf"; sourceTree = "<group>"; };
		5883E6CD296C4F8A009BFA44 /* HomeVC.swift */ = {isa = PBXFileReference; lastKnownFileType = sourcecode.swift; path = HomeVC.swift; sourceTree = "<group>"; };
		5883E6CF296C4FA0009BFA44 /* FavoriteVC.swift */ = {isa = PBXFileReference; lastKnownFileType = sourcecode.swift; path = FavoriteVC.swift; sourceTree = "<group>"; };
		5883E6D1296C4FB0009BFA44 /* PlayVC.swift */ = {isa = PBXFileReference; lastKnownFileType = sourcecode.swift; path = PlayVC.swift; sourceTree = "<group>"; };
		5883E6D5296C4FD4009BFA44 /* ProfileVC.swift */ = {isa = PBXFileReference; lastKnownFileType = sourcecode.swift; path = ProfileVC.swift; sourceTree = "<group>"; };
		868539B3296F0EE4007A1871 /* TutorialFirstScreenVC.swift */ = {isa = PBXFileReference; lastKnownFileType = sourcecode.swift; path = TutorialFirstScreenVC.swift; sourceTree = "<group>"; };
		868539B529703968007A1871 /* TutorialLastScreenVC.swift */ = {isa = PBXFileReference; lastKnownFileType = sourcecode.swift; path = TutorialLastScreenVC.swift; sourceTree = "<group>"; };
/* End PBXFileReference section */

/* Begin PBXFrameworksBuildPhase section */
		5883E663296C2736009BFA44 /* Frameworks */ = {
			isa = PBXFrameworksBuildPhase;
			buildActionMask = 2147483647;
			files = (
			);
			runOnlyForDeploymentPostprocessing = 0;
		};
/* End PBXFrameworksBuildPhase section */

/* Begin PBXGroup section */
		0136EE792973807A00388CA0 /* Secondary */ = {
			isa = PBXGroup;
			children = (
				019D2B792973CF6A00770F27 /* Search */,
				019B9EE2296F57CE00E7577B /* AuthVC.swift */,
			);
			path = Secondary;
			sourceTree = "<group>";
		};
		019D2B792973CF6A00770F27 /* Search */ = {
			isa = PBXGroup;
			children = (
				0136EE7A2973817800388CA0 /* SearchResultsVC.swift */,
				019D2B772973CF5A00770F27 /* SearchTableViewCell.swift */,
				868539B3296F0EE4007A1871 /* TutorialFirstScreenVC.swift */,
			);
			path = Search;
			sourceTree = "<group>";
		};
		01B219BE2977135B005150CB /* Services */ = {
			isa = PBXGroup;
			children = (
				01B219BF29771397005150CB /* ImageCache.swift */,
			);
			path = Services;
			sourceTree = "<group>";
		};
		5883E65D296C2736009BFA44 = {
			isa = PBXGroup;
			children = (
				5883E668296C2736009BFA44 /* MusicApp */,
				5883E667296C2736009BFA44 /* Products */,
			);
			sourceTree = "<group>";
		};
		5883E667296C2736009BFA44 /* Products */ = {
			isa = PBXGroup;
			children = (
				5883E666296C2736009BFA44 /* MusicApp.app */,
			);
			name = Products;
			sourceTree = "<group>";
		};
		5883E668296C2736009BFA44 /* MusicApp */ = {
			isa = PBXGroup;
			children = (
				5883E685296C2A78009BFA44 /* ApplicationLayer */,
				5883E686296C2F60009BFA44 /* Helpers */,
				5883E683296C2869009BFA44 /* Resources */,
				5883E680296C2840009BFA44 /* Models */,
				5883E681296C2849009BFA44 /* Views */,
				5883E682296C284E009BFA44 /* ViewModels */,
			);
			path = MusicApp;
			sourceTree = "<group>";
		};
		5883E680296C2840009BFA44 /* Models */ = {
			isa = PBXGroup;
			children = (
				5883E672296C2736009BFA44 /* MusicApp.xcdatamodeld */,
				0136EE6D2970B1F100388CA0 /* AuthResponseData.swift */,
				0136EE732970F38700388CA0 /* UserProfileData.swift */,
				0136EE7529710AFC00388CA0 /* TrackData.swift */,
				01B9E9F72973927E00413CC1 /* SearchData.swift */,
				019D2B7A2973E76700770F27 /* ArtistData.swift */,
				019D2B7C2973E77E00770F27 /* AlbumData.swift */,
			);
			path = Models;
			sourceTree = "<group>";
		};
		5883E681296C2849009BFA44 /* Views */ = {
			isa = PBXGroup;
			children = (
				0136EE792973807A00388CA0 /* Secondary */,
				5883E66D296C2736009BFA44 /* TabBarVC.swift */,
				5883E6CD296C4F8A009BFA44 /* HomeVC.swift */,
				5883E6CF296C4FA0009BFA44 /* FavoriteVC.swift */,
				5883E6D1296C4FB0009BFA44 /* PlayVC.swift */,
				5883E6D5296C4FD4009BFA44 /* ProfileVC.swift */,
				0136EE6F2970D6D400388CA0 /* LoginVC.swift */,
				0136EE772972FD9500388CA0 /* SearchVC.swift */,
				868539B529703968007A1871 /* TutorialLastScreenVC.swift */,
			);
			path = Views;
			sourceTree = "<group>";
		};
		5883E682296C284E009BFA44 /* ViewModels */ = {
			isa = PBXGroup;
			children = (
			);
			path = ViewModels;
			sourceTree = "<group>";
		};
		5883E683296C2869009BFA44 /* Resources */ = {
			isa = PBXGroup;
			children = (
				5883E68A296C2FA8009BFA44 /* Fonts */,
				5883E677296C2737009BFA44 /* LaunchScreen.storyboard */,
				5883E675296C2737009BFA44 /* Assets.xcassets */,
				5883E67A296C2737009BFA44 /* Info.plist */,
			);
			path = Resources;
			sourceTree = "<group>";
		};
		5883E684296C2886009BFA44 /* Managers */ = {
			isa = PBXGroup;
			children = (
				019B9EE0296F4CDF00E7577B /* AuthManager.swift */,
				0136EE712970F1E500388CA0 /* APIRequestManager.swift */,
			);
			path = Managers;
			sourceTree = "<group>";
		};
		5883E685296C2A78009BFA44 /* ApplicationLayer */ = {
			isa = PBXGroup;
			children = (
				5883E669296C2736009BFA44 /* AppDelegate.swift */,
				5883E66B296C2736009BFA44 /* SceneDelegate.swift */,
			);
			path = ApplicationLayer;
			sourceTree = "<group>";
		};
		5883E686296C2F60009BFA44 /* Helpers */ = {
			isa = PBXGroup;
			children = (
				01B219BE2977135B005150CB /* Services */,
				5883E684296C2886009BFA44 /* Managers */,
				5883E687296C2F67009BFA44 /* Extensions */,
				5883E688296C2F8F009BFA44 /* Constants.swift */,
			);
			path = Helpers;
			sourceTree = "<group>";
		};
		5883E687296C2F67009BFA44 /* Extensions */ = {
			isa = PBXGroup;
			children = (
			);
			path = Extensions;
			sourceTree = "<group>";
		};
		5883E68A296C2FA8009BFA44 /* Fonts */ = {
			isa = PBXGroup;
			children = (
				5883E694296C3045009BFA44 /* Poppins-SemiBold.ttf */,
				5883E695296C3045009BFA44 /* Poppins-Regular.ttf */,
				5883E6C1296C31A8009BFA44 /* Roboto-Regular.ttf */,
				5883E6B5296C310F009BFA44 /* Inter-ExtraBold.ttf */,
				5883E6B3296C310E009BFA44 /* Inter-Medium.ttf */,
				5883E6B0296C310E009BFA44 /* Inter-Regular.ttf */,
				5883E6B4296C310E009BFA44 /* Inter-SemiBold.ttf */,
			);
			path = Fonts;
			sourceTree = "<group>";
		};
/* End PBXGroup section */

/* Begin PBXNativeTarget section */
		5883E665296C2736009BFA44 /* MusicApp */ = {
			isa = PBXNativeTarget;
			buildConfigurationList = 5883E67D296C2737009BFA44 /* Build configuration list for PBXNativeTarget "MusicApp" */;
			buildPhases = (
				5883E662296C2736009BFA44 /* Sources */,
				5883E663296C2736009BFA44 /* Frameworks */,
				5883E664296C2736009BFA44 /* Resources */,
			);
			buildRules = (
			);
			dependencies = (
			);
			name = MusicApp;
			productName = MusicApp;
			productReference = 5883E666296C2736009BFA44 /* MusicApp.app */;
			productType = "com.apple.product-type.application";
		};
/* End PBXNativeTarget section */

/* Begin PBXProject section */
		5883E65E296C2736009BFA44 /* Project object */ = {
			isa = PBXProject;
			attributes = {
				BuildIndependentTargetsInParallel = 1;
				LastSwiftUpdateCheck = 1420;
				LastUpgradeCheck = 1420;
				TargetAttributes = {
					5883E665296C2736009BFA44 = {
						CreatedOnToolsVersion = 14.2;
					};
				};
			};
			buildConfigurationList = 5883E661296C2736009BFA44 /* Build configuration list for PBXProject "MusicApp" */;
			compatibilityVersion = "Xcode 14.0";
			developmentRegion = en;
			hasScannedForEncodings = 0;
			knownRegions = (
				en,
				Base,
			);
			mainGroup = 5883E65D296C2736009BFA44;
			productRefGroup = 5883E667296C2736009BFA44 /* Products */;
			projectDirPath = "";
			projectRoot = "";
			targets = (
				5883E665296C2736009BFA44 /* MusicApp */,
			);
		};
/* End PBXProject section */

/* Begin PBXResourcesBuildPhase section */
		5883E664296C2736009BFA44 /* Resources */ = {
			isa = PBXResourcesBuildPhase;
			buildActionMask = 2147483647;
			files = (
				5883E6BD296C310F009BFA44 /* Inter-SemiBold.ttf in Resources */,
				5883E6A7296C3045009BFA44 /* Poppins-Regular.ttf in Resources */,
				5883E6B9296C310F009BFA44 /* Inter-Regular.ttf in Resources */,
				5883E6C2296C31A9009BFA44 /* Roboto-Regular.ttf in Resources */,
				5883E6BE296C310F009BFA44 /* Inter-ExtraBold.ttf in Resources */,
				5883E6BC296C310F009BFA44 /* Inter-Medium.ttf in Resources */,
				5883E679296C2737009BFA44 /* LaunchScreen.storyboard in Resources */,
				5883E6A6296C3045009BFA44 /* Poppins-SemiBold.ttf in Resources */,
				5883E676296C2737009BFA44 /* Assets.xcassets in Resources */,
			);
			runOnlyForDeploymentPostprocessing = 0;
		};
/* End PBXResourcesBuildPhase section */

/* Begin PBXSourcesBuildPhase section */
		5883E662296C2736009BFA44 /* Sources */ = {
			isa = PBXSourcesBuildPhase;
			buildActionMask = 2147483647;
			files = (
				0136EE6E2970B1F100388CA0 /* AuthResponseData.swift in Sources */,
				5883E6D6296C4FD4009BFA44 /* ProfileVC.swift in Sources */,
				0136EE702970D6D400388CA0 /* LoginVC.swift in Sources */,
				0136EE7B2973817800388CA0 /* SearchResultsVC.swift in Sources */,
				019B9EE3296F57CE00E7577B /* AuthVC.swift in Sources */,
				5883E689296C2F8F009BFA44 /* Constants.swift in Sources */,
				868539B629703968007A1871 /* TutorialLastScreenVC.swift in Sources */,
				5883E6CE296C4F8A009BFA44 /* HomeVC.swift in Sources */,
				5883E6D2296C4FB0009BFA44 /* PlayVC.swift in Sources */,
				019D2B7B2973E76700770F27 /* ArtistData.swift in Sources */,
				01B219C029771397005150CB /* ImageCache.swift in Sources */,
				868539B4296F0EE4007A1871 /* TutorialFirstScreenVC.swift in Sources */,
				5883E66E296C2736009BFA44 /* TabBarVC.swift in Sources */,
				019D2B782973CF5A00770F27 /* SearchTableViewCell.swift in Sources */,
				5883E66A296C2736009BFA44 /* AppDelegate.swift in Sources */,
				0136EE742970F38700388CA0 /* UserProfileData.swift in Sources */,
				019D2B7D2973E77E00770F27 /* AlbumData.swift in Sources */,
				5883E6D0296C4FA0009BFA44 /* FavoriteVC.swift in Sources */,
				019B9EE1296F4CDF00E7577B /* AuthManager.swift in Sources */,
				0136EE722970F1E500388CA0 /* APIRequestManager.swift in Sources */,
				01B9E9F82973927E00413CC1 /* SearchData.swift in Sources */,
				5883E66C296C2736009BFA44 /* SceneDelegate.swift in Sources */,
				5883E674296C2736009BFA44 /* MusicApp.xcdatamodeld in Sources */,
				0136EE782972FD9500388CA0 /* SearchVC.swift in Sources */,
				0136EE7629710AFC00388CA0 /* TrackData.swift in Sources */,
			);
			runOnlyForDeploymentPostprocessing = 0;
		};
/* End PBXSourcesBuildPhase section */

/* Begin PBXVariantGroup section */
		5883E677296C2737009BFA44 /* LaunchScreen.storyboard */ = {
			isa = PBXVariantGroup;
			children = (
				5883E678296C2737009BFA44 /* Base */,
			);
			name = LaunchScreen.storyboard;
			sourceTree = "<group>";
		};
/* End PBXVariantGroup section */

/* Begin XCBuildConfiguration section */
		5883E67B296C2737009BFA44 /* Debug */ = {
			isa = XCBuildConfiguration;
			buildSettings = {
				ALWAYS_SEARCH_USER_PATHS = NO;
				CLANG_ANALYZER_NONNULL = YES;
				CLANG_ANALYZER_NUMBER_OBJECT_CONVERSION = YES_AGGRESSIVE;
				CLANG_CXX_LANGUAGE_STANDARD = "gnu++20";
				CLANG_ENABLE_MODULES = YES;
				CLANG_ENABLE_OBJC_ARC = YES;
				CLANG_ENABLE_OBJC_WEAK = YES;
				CLANG_WARN_BLOCK_CAPTURE_AUTORELEASING = YES;
				CLANG_WARN_BOOL_CONVERSION = YES;
				CLANG_WARN_COMMA = YES;
				CLANG_WARN_CONSTANT_CONVERSION = YES;
				CLANG_WARN_DEPRECATED_OBJC_IMPLEMENTATIONS = YES;
				CLANG_WARN_DIRECT_OBJC_ISA_USAGE = YES_ERROR;
				CLANG_WARN_DOCUMENTATION_COMMENTS = YES;
				CLANG_WARN_EMPTY_BODY = YES;
				CLANG_WARN_ENUM_CONVERSION = YES;
				CLANG_WARN_INFINITE_RECURSION = YES;
				CLANG_WARN_INT_CONVERSION = YES;
				CLANG_WARN_NON_LITERAL_NULL_CONVERSION = YES;
				CLANG_WARN_OBJC_IMPLICIT_RETAIN_SELF = YES;
				CLANG_WARN_OBJC_LITERAL_CONVERSION = YES;
				CLANG_WARN_OBJC_ROOT_CLASS = YES_ERROR;
				CLANG_WARN_QUOTED_INCLUDE_IN_FRAMEWORK_HEADER = YES;
				CLANG_WARN_RANGE_LOOP_ANALYSIS = YES;
				CLANG_WARN_STRICT_PROTOTYPES = YES;
				CLANG_WARN_SUSPICIOUS_MOVE = YES;
				CLANG_WARN_UNGUARDED_AVAILABILITY = YES_AGGRESSIVE;
				CLANG_WARN_UNREACHABLE_CODE = YES;
				CLANG_WARN__DUPLICATE_METHOD_MATCH = YES;
				COPY_PHASE_STRIP = NO;
				DEBUG_INFORMATION_FORMAT = dwarf;
				ENABLE_STRICT_OBJC_MSGSEND = YES;
				ENABLE_TESTABILITY = YES;
				GCC_C_LANGUAGE_STANDARD = gnu11;
				GCC_DYNAMIC_NO_PIC = NO;
				GCC_NO_COMMON_BLOCKS = YES;
				GCC_OPTIMIZATION_LEVEL = 0;
				GCC_PREPROCESSOR_DEFINITIONS = (
					"DEBUG=1",
					"$(inherited)",
				);
				GCC_WARN_64_TO_32_BIT_CONVERSION = YES;
				GCC_WARN_ABOUT_RETURN_TYPE = YES_ERROR;
				GCC_WARN_UNDECLARED_SELECTOR = YES;
				GCC_WARN_UNINITIALIZED_AUTOS = YES_AGGRESSIVE;
				GCC_WARN_UNUSED_FUNCTION = YES;
				GCC_WARN_UNUSED_VARIABLE = YES;
				IPHONEOS_DEPLOYMENT_TARGET = 16.2;
				MTL_ENABLE_DEBUG_INFO = INCLUDE_SOURCE;
				MTL_FAST_MATH = YES;
				ONLY_ACTIVE_ARCH = YES;
				SDKROOT = iphoneos;
				SWIFT_ACTIVE_COMPILATION_CONDITIONS = DEBUG;
				SWIFT_OPTIMIZATION_LEVEL = "-Onone";
			};
			name = Debug;
		};
		5883E67C296C2737009BFA44 /* Release */ = {
			isa = XCBuildConfiguration;
			buildSettings = {
				ALWAYS_SEARCH_USER_PATHS = NO;
				CLANG_ANALYZER_NONNULL = YES;
				CLANG_ANALYZER_NUMBER_OBJECT_CONVERSION = YES_AGGRESSIVE;
				CLANG_CXX_LANGUAGE_STANDARD = "gnu++20";
				CLANG_ENABLE_MODULES = YES;
				CLANG_ENABLE_OBJC_ARC = YES;
				CLANG_ENABLE_OBJC_WEAK = YES;
				CLANG_WARN_BLOCK_CAPTURE_AUTORELEASING = YES;
				CLANG_WARN_BOOL_CONVERSION = YES;
				CLANG_WARN_COMMA = YES;
				CLANG_WARN_CONSTANT_CONVERSION = YES;
				CLANG_WARN_DEPRECATED_OBJC_IMPLEMENTATIONS = YES;
				CLANG_WARN_DIRECT_OBJC_ISA_USAGE = YES_ERROR;
				CLANG_WARN_DOCUMENTATION_COMMENTS = YES;
				CLANG_WARN_EMPTY_BODY = YES;
				CLANG_WARN_ENUM_CONVERSION = YES;
				CLANG_WARN_INFINITE_RECURSION = YES;
				CLANG_WARN_INT_CONVERSION = YES;
				CLANG_WARN_NON_LITERAL_NULL_CONVERSION = YES;
				CLANG_WARN_OBJC_IMPLICIT_RETAIN_SELF = YES;
				CLANG_WARN_OBJC_LITERAL_CONVERSION = YES;
				CLANG_WARN_OBJC_ROOT_CLASS = YES_ERROR;
				CLANG_WARN_QUOTED_INCLUDE_IN_FRAMEWORK_HEADER = YES;
				CLANG_WARN_RANGE_LOOP_ANALYSIS = YES;
				CLANG_WARN_STRICT_PROTOTYPES = YES;
				CLANG_WARN_SUSPICIOUS_MOVE = YES;
				CLANG_WARN_UNGUARDED_AVAILABILITY = YES_AGGRESSIVE;
				CLANG_WARN_UNREACHABLE_CODE = YES;
				CLANG_WARN__DUPLICATE_METHOD_MATCH = YES;
				COPY_PHASE_STRIP = NO;
				DEBUG_INFORMATION_FORMAT = "dwarf-with-dsym";
				ENABLE_NS_ASSERTIONS = NO;
				ENABLE_STRICT_OBJC_MSGSEND = YES;
				GCC_C_LANGUAGE_STANDARD = gnu11;
				GCC_NO_COMMON_BLOCKS = YES;
				GCC_WARN_64_TO_32_BIT_CONVERSION = YES;
				GCC_WARN_ABOUT_RETURN_TYPE = YES_ERROR;
				GCC_WARN_UNDECLARED_SELECTOR = YES;
				GCC_WARN_UNINITIALIZED_AUTOS = YES_AGGRESSIVE;
				GCC_WARN_UNUSED_FUNCTION = YES;
				GCC_WARN_UNUSED_VARIABLE = YES;
				IPHONEOS_DEPLOYMENT_TARGET = 16.2;
				MTL_ENABLE_DEBUG_INFO = NO;
				MTL_FAST_MATH = YES;
				SDKROOT = iphoneos;
				SWIFT_COMPILATION_MODE = wholemodule;
				SWIFT_OPTIMIZATION_LEVEL = "-O";
				VALIDATE_PRODUCT = YES;
			};
			name = Release;
		};
		5883E67E296C2737009BFA44 /* Debug */ = {
			isa = XCBuildConfiguration;
			buildSettings = {
				ASSETCATALOG_COMPILER_APPICON_NAME = AppIcon;
				ASSETCATALOG_COMPILER_GLOBAL_ACCENT_COLOR_NAME = AccentColor;
				CODE_SIGN_IDENTITY = "Apple Development";
				CODE_SIGN_STYLE = Automatic;
				CURRENT_PROJECT_VERSION = 1;
				DEVELOPMENT_TEAM = 5MT2PBNQ85;
				GENERATE_INFOPLIST_FILE = YES;
				INFOPLIST_FILE = MusicApp/Resources/Info.plist;
				INFOPLIST_KEY_UIApplicationSupportsIndirectInputEvents = YES;
				INFOPLIST_KEY_UILaunchStoryboardName = LaunchScreen;
				INFOPLIST_KEY_UISupportedInterfaceOrientations = UIInterfaceOrientationPortrait;
				IPHONEOS_DEPLOYMENT_TARGET = 13.0;
				LD_RUNPATH_SEARCH_PATHS = (
					"$(inherited)",
					"@executable_path/Frameworks",
				);
				MARKETING_VERSION = 1.0;
				PRODUCT_BUNDLE_IDENTIFIER = com.zcredi.MusicApp.MusicApp;
				PRODUCT_NAME = "$(TARGET_NAME)";
				PROVISIONING_PROFILE_SPECIFIER = "";
				SWIFT_EMIT_LOC_STRINGS = YES;
				SWIFT_VERSION = 5.0;
				TARGETED_DEVICE_FAMILY = "1,2";
			};
			name = Debug;
		};
		5883E67F296C2737009BFA44 /* Release */ = {
			isa = XCBuildConfiguration;
			buildSettings = {
				ASSETCATALOG_COMPILER_APPICON_NAME = AppIcon;
				ASSETCATALOG_COMPILER_GLOBAL_ACCENT_COLOR_NAME = AccentColor;
				CODE_SIGN_IDENTITY = "Apple Development";
				CODE_SIGN_STYLE = Automatic;
				CURRENT_PROJECT_VERSION = 1;
				DEVELOPMENT_TEAM = "";
				GENERATE_INFOPLIST_FILE = YES;
				INFOPLIST_FILE = MusicApp/Resources/Info.plist;
				INFOPLIST_KEY_UIApplicationSupportsIndirectInputEvents = YES;
				INFOPLIST_KEY_UILaunchStoryboardName = LaunchScreen;
				INFOPLIST_KEY_UISupportedInterfaceOrientations = UIInterfaceOrientationPortrait;
				IPHONEOS_DEPLOYMENT_TARGET = 13.0;
				LD_RUNPATH_SEARCH_PATHS = (
					"$(inherited)",
					"@executable_path/Frameworks",
				);
				MARKETING_VERSION = 1.0;
				PRODUCT_BUNDLE_IDENTIFIER = com.zcredi.MusicApp.MusicApp;
				PRODUCT_NAME = "$(TARGET_NAME)";
				PROVISIONING_PROFILE_SPECIFIER = "";
				SWIFT_EMIT_LOC_STRINGS = YES;
				SWIFT_VERSION = 5.0;
				TARGETED_DEVICE_FAMILY = "1,2";
			};
			name = Release;
		};
/* End XCBuildConfiguration section */

/* Begin XCConfigurationList section */
		5883E661296C2736009BFA44 /* Build configuration list for PBXProject "MusicApp" */ = {
			isa = XCConfigurationList;
			buildConfigurations = (
				5883E67B296C2737009BFA44 /* Debug */,
				5883E67C296C2737009BFA44 /* Release */,
			);
			defaultConfigurationIsVisible = 0;
			defaultConfigurationName = Release;
		};
		5883E67D296C2737009BFA44 /* Build configuration list for PBXNativeTarget "MusicApp" */ = {
			isa = XCConfigurationList;
			buildConfigurations = (
				5883E67E296C2737009BFA44 /* Debug */,
				5883E67F296C2737009BFA44 /* Release */,
			);
			defaultConfigurationIsVisible = 0;
			defaultConfigurationName = Release;
		};
/* End XCConfigurationList section */

/* Begin XCVersionGroup section */
		5883E672296C2736009BFA44 /* MusicApp.xcdatamodeld */ = {
			isa = XCVersionGroup;
			children = (
				5883E673296C2736009BFA44 /* MusicApp.xcdatamodel */,
			);
			currentVersion = 5883E673296C2736009BFA44 /* MusicApp.xcdatamodel */;
			path = MusicApp.xcdatamodeld;
			sourceTree = "<group>";
			versionGroupType = wrapper.xcdatamodel;
		};
/* End XCVersionGroup section */
	};
	rootObject = 5883E65E296C2736009BFA44 /* Project object */;
}
